// !$*UTF8*$!
{
	archiveVersion = 1;
	classes = {
	};
	objectVersion = 50;
	objects = {

/* Begin PBXBuildFile section */
		A4672C8123B59BE300D5E20C /* AppDelegate.swift in Sources */ = {isa = PBXBuildFile; fileRef = A4672C8023B59BE300D5E20C /* AppDelegate.swift */; };
		A4672C8323B59BE300D5E20C /* SceneDelegate.swift in Sources */ = {isa = PBXBuildFile; fileRef = A4672C8223B59BE300D5E20C /* SceneDelegate.swift */; };
		A4672C8523B59BE300D5E20C /* CategoriesVC.swift in Sources */ = {isa = PBXBuildFile; fileRef = A4672C8423B59BE300D5E20C /* CategoriesVC.swift */; };
		A4672C8823B59BE300D5E20C /* Main.storyboard in Resources */ = {isa = PBXBuildFile; fileRef = A4672C8623B59BE300D5E20C /* Main.storyboard */; };
		A4672C8A23B59BE600D5E20C /* Assets.xcassets in Resources */ = {isa = PBXBuildFile; fileRef = A4672C8923B59BE600D5E20C /* Assets.xcassets */; };
		A4672C8D23B59BE600D5E20C /* LaunchScreen.storyboard in Resources */ = {isa = PBXBuildFile; fileRef = A4672C8B23B59BE600D5E20C /* LaunchScreen.storyboard */; };
		A4672C9823B5A1B700D5E20C /* CategoryCell.swift in Sources */ = {isa = PBXBuildFile; fileRef = A4672C9723B5A1B700D5E20C /* CategoryCell.swift */; };
		A48CE9E423B8520E0070F0AB /* ProductCell.swift in Sources */ = {isa = PBXBuildFile; fileRef = A48CE9E323B8520E0070F0AB /* ProductCell.swift */; };
		A48CE9E623B91CCF0070F0AB /* Product.swift in Sources */ = {isa = PBXBuildFile; fileRef = A48CE9E523B91CCF0070F0AB /* Product.swift */; };
		A4A8DBCE23B83E7B0002F22C /* Category.swift in Sources */ = {isa = PBXBuildFile; fileRef = A4A8DBCD23B83E7B0002F22C /* Category.swift */; };
		A4A8DBD123B840750002F22C /* DataService.swift in Sources */ = {isa = PBXBuildFile; fileRef = A4A8DBD023B840750002F22C /* DataService.swift */; };
/* End PBXBuildFile section */

/* Begin PBXFileReference section */
		A4672C7D23B59BE300D5E20C /* swag-App.app */ = {isa = PBXFileReference; explicitFileType = wrapper.application; includeInIndex = 0; path = "swag-App.app"; sourceTree = BUILT_PRODUCTS_DIR; };
		A4672C8023B59BE300D5E20C /* AppDelegate.swift */ = {isa = PBXFileReference; lastKnownFileType = sourcecode.swift; path = AppDelegate.swift; sourceTree = "<group>"; };
		A4672C8223B59BE300D5E20C /* SceneDelegate.swift */ = {isa = PBXFileReference; lastKnownFileType = sourcecode.swift; path = SceneDelegate.swift; sourceTree = "<group>"; };
		A4672C8423B59BE300D5E20C /* CategoriesVC.swift */ = {isa = PBXFileReference; lastKnownFileType = sourcecode.swift; path = CategoriesVC.swift; sourceTree = "<group>"; };
		A4672C8723B59BE300D5E20C /* Base */ = {isa = PBXFileReference; lastKnownFileType = file.storyboard; name = Base; path = Base.lproj/Main.storyboard; sourceTree = "<group>"; };
		A4672C8923B59BE600D5E20C /* Assets.xcassets */ = {isa = PBXFileReference; lastKnownFileType = folder.assetcatalog; path = Assets.xcassets; sourceTree = "<group>"; };
		A4672C8C23B59BE600D5E20C /* Base */ = {isa = PBXFileReference; lastKnownFileType = file.storyboard; name = Base; path = Base.lproj/LaunchScreen.storyboard; sourceTree = "<group>"; };
		A4672C8E23B59BE600D5E20C /* Info.plist */ = {isa = PBXFileReference; lastKnownFileType = text.plist.xml; path = Info.plist; sourceTree = "<group>"; };
		A4672C9723B5A1B700D5E20C /* CategoryCell.swift */ = {isa = PBXFileReference; lastKnownFileType = sourcecode.swift; path = CategoryCell.swift; sourceTree = "<group>"; };
		A48CE9E323B8520E0070F0AB /* ProductCell.swift */ = {isa = PBXFileReference; lastKnownFileType = sourcecode.swift; path = ProductCell.swift; sourceTree = "<group>"; };
		A48CE9E523B91CCF0070F0AB /* Product.swift */ = {isa = PBXFileReference; lastKnownFileType = sourcecode.swift; path = Product.swift; sourceTree = "<group>"; };
		A4A8DBCD23B83E7B0002F22C /* Category.swift */ = {isa = PBXFileReference; lastKnownFileType = sourcecode.swift; path = Category.swift; sourceTree = "<group>"; };
		A4A8DBD023B840750002F22C /* DataService.swift */ = {isa = PBXFileReference; lastKnownFileType = sourcecode.swift; path = DataService.swift; sourceTree = "<group>"; };
/* End PBXFileReference section */

/* Begin PBXFrameworksBuildPhase section */
		A4672C7A23B59BE300D5E20C /* Frameworks */ = {
			isa = PBXFrameworksBuildPhase;
			buildActionMask = 2147483647;
			files = (
			);
			runOnlyForDeploymentPostprocessing = 0;
		};
/* End PBXFrameworksBuildPhase section */

/* Begin PBXGroup section */
		A4672C7423B59BE300D5E20C = {
			isa = PBXGroup;
			children = (
				A4672C7F23B59BE300D5E20C /* swag-App */,
				A4672C7E23B59BE300D5E20C /* Products */,
			);
			sourceTree = "<group>";
		};
		A4672C7E23B59BE300D5E20C /* Products */ = {
			isa = PBXGroup;
			children = (
				A4672C7D23B59BE300D5E20C /* swag-App.app */,
			);
			name = Products;
			sourceTree = "<group>";
		};
		A4672C7F23B59BE300D5E20C /* swag-App */ = {
			isa = PBXGroup;
			children = (
				A4A8DBCF23B8405B0002F22C /* Services */,
				A4672C9623B5A17F00D5E20C /* View */,
				A4672C9523B5A13F00D5E20C /* Model */,
				A4672C9423B5A13400D5E20C /* Controller */,
				A4672C8023B59BE300D5E20C /* AppDelegate.swift */,
				A4672C8223B59BE300D5E20C /* SceneDelegate.swift */,
				A4672C8623B59BE300D5E20C /* Main.storyboard */,
				A4672C8923B59BE600D5E20C /* Assets.xcassets */,
				A4672C8B23B59BE600D5E20C /* LaunchScreen.storyboard */,
				A4672C8E23B59BE600D5E20C /* Info.plist */,
			);
			path = "swag-App";
			sourceTree = "<group>";
		};
		A4672C9423B5A13400D5E20C /* Controller */ = {
			isa = PBXGroup;
			children = (
				A4672C8423B59BE300D5E20C /* CategoriesVC.swift */,
			);
			path = Controller;
			sourceTree = "<group>";
		};
		A4672C9523B5A13F00D5E20C /* Model */ = {
			isa = PBXGroup;
			children = (
				A4A8DBCD23B83E7B0002F22C /* Category.swift */,
				A48CE9E523B91CCF0070F0AB /* Product.swift */,
			);
			path = Model;
			sourceTree = "<group>";
		};
		A4672C9623B5A17F00D5E20C /* View */ = {
			isa = PBXGroup;
			children = (
				A4672C9723B5A1B700D5E20C /* CategoryCell.swift */,
				A48CE9E323B8520E0070F0AB /* ProductCell.swift */,
			);
			path = View;
			sourceTree = "<group>";
		};
		A4A8DBCF23B8405B0002F22C /* Services */ = {
			isa = PBXGroup;
			children = (
				A4A8DBD023B840750002F22C /* DataService.swift */,
			);
			path = Services;
			sourceTree = "<group>";
		};
/* End PBXGroup section */

/* Begin PBXNativeTarget section */
		A4672C7C23B59BE300D5E20C /* swag-App */ = {
			isa = PBXNativeTarget;
			buildConfigurationList = A4672C9123B59BE600D5E20C /* Build configuration list for PBXNativeTarget "swag-App" */;
			buildPhases = (
				A4672C7923B59BE300D5E20C /* Sources */,
				A4672C7A23B59BE300D5E20C /* Frameworks */,
				A4672C7B23B59BE300D5E20C /* Resources */,
			);
			buildRules = (
			);
			dependencies = (
			);
			name = "swag-App";
			productName = "swag-App";
			productReference = A4672C7D23B59BE300D5E20C /* swag-App.app */;
			productType = "com.apple.product-type.application";
		};
/* End PBXNativeTarget section */

/* Begin PBXProject section */
		A4672C7523B59BE300D5E20C /* Project object */ = {
			isa = PBXProject;
			attributes = {
				LastSwiftUpdateCheck = 1130;
				LastUpgradeCheck = 1130;
				ORGANIZATIONNAME = "Juan Luque";
				TargetAttributes = {
					A4672C7C23B59BE300D5E20C = {
						CreatedOnToolsVersion = 11.3;
					};
				};
			};
			buildConfigurationList = A4672C7823B59BE300D5E20C /* Build configuration list for PBXProject "swag-App" */;
			compatibilityVersion = "Xcode 9.3";
			developmentRegion = en;
			hasScannedForEncodings = 0;
			knownRegions = (
				en,
				Base,
			);
			mainGroup = A4672C7423B59BE300D5E20C;
			productRefGroup = A4672C7E23B59BE300D5E20C /* Products */;
			projectDirPath = "";
			projectRoot = "";
			targets = (
				A4672C7C23B59BE300D5E20C /* swag-App */,
			);
		};
/* End PBXProject section */

/* Begin PBXResourcesBuildPhase section */
		A4672C7B23B59BE300D5E20C /* Resources */ = {
			isa = PBXResourcesBuildPhase;
			buildActionMask = 2147483647;
			files = (
				A4672C8D23B59BE600D5E20C /* LaunchScreen.storyboard in Resources */,
				A4672C8A23B59BE600D5E20C /* Assets.xcassets in Resources */,
				A4672C8823B59BE300D5E20C /* Main.storyboard in Resources */,
			);
			runOnlyForDeploymentPostprocessing = 0;
		};
/* End PBXResourcesBuildPhase section */

/* Begin PBXSourcesBuildPhase section */
		A4672C7923B59BE300D5E20C /* Sources */ = {
			isa = PBXSourcesBuildPhase;
			buildActionMask = 2147483647;
			files = (
				A4672C8523B59BE300D5E20C /* CategoriesVC.swift in Sources */,
				A48CE9E623B91CCF0070F0AB /* Product.swift in Sources */,
				A4A8DBCE23B83E7B0002F22C /* Category.swift in Sources */,
				A4672C8123B59BE300D5E20C /* AppDelegate.swift in Sources */,
				A4A8DBD123B840750002F22C /* DataService.swift in Sources */,
				A4672C8323B59BE300D5E20C /* SceneDelegate.swift in Sources */,
				A48CE9E423B8520E0070F0AB /* ProductCell.swift in Sources */,
				A4672C9823B5A1B700D5E20C /* CategoryCell.swift in Sources */,
			);
			runOnlyForDeploymentPostprocessing = 0;
		};
/* End PBXSourcesBuildPhase section */

/* Begin PBXVariantGroup section */
		A4672C8623B59BE300D5E20C /* Main.storyboard */ = {
			isa = PBXVariantGroup;
			children = (
				A4672C8723B59BE300D5E20C /* Base */,
			);
			name = Main.storyboard;
			sourceTree = "<group>";
		};
		A4672C8B23B59BE600D5E20C /* LaunchScreen.storyboard */ = {
			isa = PBXVariantGroup;
			children = (
				A4672C8C23B59BE600D5E20C /* Base */,
			);
			name = LaunchScreen.storyboard;
			sourceTree = "<group>";
		};
/* End PBXVariantGroup section */

/* Begin XCBuildConfiguration section */
		A4672C8F23B59BE600D5E20C /* Debug */ = {
			isa = XCBuildConfiguration;
			buildSettings = {
				ALWAYS_SEARCH_USER_PATHS = NO;
				CLANG_ANALYZER_NONNULL = YES;
				CLANG_ANALYZER_NUMBER_OBJECT_CONVERSION = YES_AGGRESSIVE;
				CLANG_CXX_LANGUAGE_STANDARD = "gnu++14";
				CLANG_CXX_LIBRARY = "libc++";
				CLANG_ENABLE_MODULES = YES;
				CLANG_ENABLE_OBJC_ARC = YES;
				CLANG_ENABLE_OBJC_WEAK = YES;
				CLANG_WARN_BLOCK_CAPTURE_AUTORELEASING = YES;
				CLANG_WARN_BOOL_CONVERSION = YES;
				CLANG_WARN_COMMA = YES;
				CLANG_WARN_CONSTANT_CONVERSION = YES;
				CLANG_WARN_DEPRECATED_OBJC_IMPLEMENTATIONS = YES;
				CLANG_WARN_DIRECT_OBJC_ISA_USAGE = YES_ERROR;
				CLANG_WARN_DOCUMENTATION_COMMENTS = YES;
				CLANG_WARN_EMPTY_BODY = YES;
				CLANG_WARN_ENUM_CONVERSION = YES;
				CLANG_WARN_INFINITE_RECURSION = YES;
				CLANG_WARN_INT_CONVERSION = YES;
				CLANG_WARN_NON_LITERAL_NULL_CONVERSION = YES;
				CLANG_WARN_OBJC_IMPLICIT_RETAIN_SELF = YES;
				CLANG_WARN_OBJC_LITERAL_CONVERSION = YES;
				CLANG_WARN_OBJC_ROOT_CLASS = YES_ERROR;
				CLANG_WARN_RANGE_LOOP_ANALYSIS = YES;
				CLANG_WARN_STRICT_PROTOTYPES = YES;
				CLANG_WARN_SUSPICIOUS_MOVE = YES;
				CLANG_WARN_UNGUARDED_AVAILABILITY = YES_AGGRESSIVE;
				CLANG_WARN_UNREACHABLE_CODE = YES;
				CLANG_WARN__DUPLICATE_METHOD_MATCH = YES;
				COPY_PHASE_STRIP = NO;
				DEBUG_INFORMATION_FORMAT = dwarf;
				ENABLE_STRICT_OBJC_MSGSEND = YES;
				ENABLE_TESTABILITY = YES;
				GCC_C_LANGUAGE_STANDARD = gnu11;
				GCC_DYNAMIC_NO_PIC = NO;
				GCC_NO_COMMON_BLOCKS = YES;
				GCC_OPTIMIZATION_LEVEL = 0;
				GCC_PREPROCESSOR_DEFINITIONS = (
					"DEBUG=1",
					"$(inherited)",
				);
				GCC_WARN_64_TO_32_BIT_CONVERSION = YES;
				GCC_WARN_ABOUT_RETURN_TYPE = YES_ERROR;
				GCC_WARN_UNDECLARED_SELECTOR = YES;
				GCC_WARN_UNINITIALIZED_AUTOS = YES_AGGRESSIVE;
				GCC_WARN_UNUSED_FUNCTION = YES;
				GCC_WARN_UNUSED_VARIABLE = YES;
				IPHONEOS_DEPLOYMENT_TARGET = 13.2;
				MTL_ENABLE_DEBUG_INFO = INCLUDE_SOURCE;
				MTL_FAST_MATH = YES;
				ONLY_ACTIVE_ARCH = YES;
				SDKROOT = iphoneos;
				SWIFT_ACTIVE_COMPILATION_CONDITIONS = DEBUG;
				SWIFT_OPTIMIZATION_LEVEL = "-Onone";
			};
			name = Debug;
		};
		A4672C9023B59BE600D5E20C /* Release */ = {
			isa = XCBuildConfiguration;
			buildSettings = {
				ALWAYS_SEARCH_USER_PATHS = NO;
				CLANG_ANALYZER_NONNULL = YES;
				CLANG_ANALYZER_NUMBER_OBJECT_CONVERSION = YES_AGGRESSIVE;
				CLANG_CXX_LANGUAGE_STANDARD = "gnu++14";
				CLANG_CXX_LIBRARY = "libc++";
				CLANG_ENABLE_MODULES = YES;
				CLANG_ENABLE_OBJC_ARC = YES;
				CLANG_ENABLE_OBJC_WEAK = YES;
				CLANG_WARN_BLOCK_CAPTURE_AUTORELEASING = YES;
				CLANG_WARN_BOOL_CONVERSION = YES;
				CLANG_WARN_COMMA = YES;
				CLANG_WARN_CONSTANT_CONVERSION = YES;
				CLANG_WARN_DEPRECATED_OBJC_IMPLEMENTATIONS = YES;
				CLANG_WARN_DIRECT_OBJC_ISA_USAGE = YES_ERROR;
				CLANG_WARN_DOCUMENTATION_COMMENTS = YES;
				CLANG_WARN_EMPTY_BODY = YES;
				CLANG_WARN_ENUM_CONVERSION = YES;
				CLANG_WARN_INFINITE_RECURSION = YES;
				CLANG_WARN_INT_CONVERSION = YES;
				CLANG_WARN_NON_LITERAL_NULL_CONVERSION = YES;
				CLANG_WARN_OBJC_IMPLICIT_RETAIN_SELF = YES;
				CLANG_WARN_OBJC_LITERAL_CONVERSION = YES;
				CLANG_WARN_OBJC_ROOT_CLASS = YES_ERROR;
				CLANG_WARN_RANGE_LOOP_ANALYSIS = YES;
				CLANG_WARN_STRICT_PROTOTYPES = YES;
				CLANG_WARN_SUSPICIOUS_MOVE = YES;
				CLANG_WARN_UNGUARDED_AVAILABILITY = YES_AGGRESSIVE;
				CLANG_WARN_UNREACHABLE_CODE = YES;
				CLANG_WARN__DUPLICATE_METHOD_MATCH = YES;
				COPY_PHASE_STRIP = NO;
				DEBUG_INFORMATION_FORMAT = "dwarf-with-dsym";
				ENABLE_NS_ASSERTIONS = NO;
				ENABLE_STRICT_OBJC_MSGSEND = YES;
				GCC_C_LANGUAGE_STANDARD = gnu11;
				GCC_NO_COMMON_BLOCKS = YES;
				GCC_WARN_64_TO_32_BIT_CONVERSION = YES;
				GCC_WARN_ABOUT_RETURN_TYPE = YES_ERROR;
				GCC_WARN_UNDECLARED_SELECTOR = YES;
				GCC_WARN_UNINITIALIZED_AUTOS = YES_AGGRESSIVE;
				GCC_WARN_UNUSED_FUNCTION = YES;
				GCC_WARN_UNUSED_VARIABLE = YES;
				IPHONEOS_DEPLOYMENT_TARGET = 13.2;
				MTL_ENABLE_DEBUG_INFO = NO;
				MTL_FAST_MATH = YES;
				SDKROOT = iphoneos;
				SWIFT_COMPILATION_MODE = wholemodule;
				SWIFT_OPTIMIZATION_LEVEL = "-O";
				VALIDATE_PRODUCT = YES;
			};
			name = Release;
		};
		A4672C9223B59BE600D5E20C /* Debug */ = {
			isa = XCBuildConfiguration;
			buildSettings = {
				ASSETCATALOG_COMPILER_APPICON_NAME = AppIcon;
				CODE_SIGN_STYLE = Automatic;
				DEVELOPMENT_TEAM = X25CAQ67TT;
				INFOPLIST_FILE = "swag-App/Info.plist";
				LD_RUNPATH_SEARCH_PATHS = (
					"$(inherited)",
					"@executable_path/Frameworks",
				);
				PRODUCT_BUNDLE_IDENTIFIER = "com.example.swag-App";
				PRODUCT_NAME = "$(TARGET_NAME)";
				SWIFT_VERSION = 5.0;
				TARGETED_DEVICE_FAMILY = "1,2";
			};
			name = Debug;
		};
		A4672C9323B59BE600D5E20C /* Release */ = {
			isa = XCBuildConfiguration;
			buildSettings = {
				ASSETCATALOG_COMPILER_APPICON_NAME = AppIcon;
				CODE_SIGN_STYLE = Automatic;
				DEVELOPMENT_TEAM = X25CAQ67TT;
				INFOPLIST_FILE = "swag-App/Info.plist";
				LD_RUNPATH_SEARCH_PATHS = (
					"$(inherited)",
					"@executable_path/Frameworks",
				);
				PRODUCT_BUNDLE_IDENTIFIER = "com.example.swag-App";
				PRODUCT_NAME = "$(TARGET_NAME)";
				SWIFT_VERSION = 5.0;
				TARGETED_DEVICE_FAMILY = "1,2";
			};
			name = Release;
		};
/* End XCBuildConfiguration section */

/* Begin XCConfigurationList section */
		A4672C7823B59BE300D5E20C /* Build configuration list for PBXProject "swag-App" */ = {
			isa = XCConfigurationList;
			buildConfigurations = (
				A4672C8F23B59BE600D5E20C /* Debug */,
				A4672C9023B59BE600D5E20C /* Release */,
			);
			defaultConfigurationIsVisible = 0;
			defaultConfigurationName = Release;
		};
		A4672C9123B59BE600D5E20C /* Build configuration list for PBXNativeTarget "swag-App" */ = {
			isa = XCConfigurationList;
			buildConfigurations = (
				A4672C9223B59BE600D5E20C /* Debug */,
				A4672C9323B59BE600D5E20C /* Release */,
			);
			defaultConfigurationIsVisible = 0;
			defaultConfigurationName = Release;
		};
/* End XCConfigurationList section */
	};
	rootObject = A4672C7523B59BE300D5E20C /* Project object */;
}
